Microsoft Visual Studio Solution File, Format Version 12.00
# Visual Studio 2012
Project("{FAE04EC0-301F-11D3-BF4B-00C04F79EFBC}") = "Command Pattern", "Command Pattern.csproj", "{FFAF082A-12B8-45A5-8BBB-6A5BA7EAADAC}"
EndProject
Global
	GlobalSection(SolutionConfigurationPlatforms) = preSolution
	Debug|Any CPU = Debug|Any CPU
	ExportDebug|Any CPU = ExportDebug|Any CPU
	ExportRelease|Any CPU = ExportRelease|Any CPU
	EndGlobalSection
	GlobalSection(ProjectConfigurationPlatforms) = postSolution
		{FFAF082A-12B8-45A5-8BBB-6A5BA7EAADAC}.Debug|Any CPU.ActiveCfg = Debug|Any CPU
		{FFAF082A-12B8-45A5-8BBB-6A5BA7EAADAC}.Debug|Any CPU.Build.0 = Debug|Any CPU
		{FFAF082A-12B8-45A5-8BBB-6A5BA7EAADAC}.ExportDebug|Any CPU.ActiveCfg = ExportDebug|Any CPU
		{FFAF082A-12B8-45A5-8BBB-6A5BA7EAADAC}.ExportDebug|Any CPU.Build.0 = ExportDebug|Any CPU
		{FFAF082A-12B8-45A5-8BBB-6A5BA7EAADAC}.ExportRelease|Any CPU.ActiveCfg = ExportRelease|Any CPU
		{FFAF082A-12B8-45A5-8BBB-6A5BA7EAADAC}.ExportRelease|Any CPU.Build.0 = ExportRelease|Any CPU
	EndGlobalSection
EndGlobal
